
Microsoft Visual Studio Solution File, Format Version 12.00
# Visual Studio Version 16
VisualStudioVersion = 16.0.31025.194
MinimumVisualStudioVersion = 10.0.40219.1
Project("{FAE04EC0-301F-11D3-BF4B-00C04F79EFBC}") = "DataAccess", "DataAccess\DataAccess.csproj", "{3502D9C0-76D6-4B78-AB43-43F903E0C5C9}"
EndProject
Project("{FAE04EC0-301F-11D3-BF4B-00C04F79EFBC}") = "Business", "Business\Business.csproj", "{58587141-36EF-400F-BBA8-098CEE6DAFA6}"
EndProject
Project("{FAE04EC0-301F-11D3-BF4B-00C04F79EFBC}") = "Entities", "Entities\Entities.csproj", "{F117AE3E-7D48-42E6-8D64-FF78828877D4}"
EndProject
Project("{FAE04EC0-301F-11D3-BF4B-00C04F79EFBC}") = "ConsoleUI", "ConsoleUI\ConsoleUI.csproj", "{A2A58392-57C6-4B14-98D3-F33033111F40}"
EndProject
Global
	GlobalSection(SolutionConfigurationPlatforms) = preSolution
		Debug|Any CPU = Debug|Any CPU
		Release|Any CPU = Release|Any CPU
	EndGlobalSection
	GlobalSection(ProjectConfigurationPlatforms) = postSolution
		{3502D9C0-76D6-4B78-AB43-43F903E0C5C9}.Debug|Any CPU.ActiveCfg = Debug|Any CPU
		{3502D9C0-76D6-4B78-AB43-43F903E0C5C9}.Debug|Any CPU.Build.0 = Debug|Any CPU
		{3502D9C0-76D6-4B78-AB43-43F903E0C5C9}.Release|Any CPU.ActiveCfg = Release|Any CPU
		{3502D9C0-76D6-4B78-AB43-43F903E0C5C9}.Release|Any CPU.Build.0 = Release|Any CPU
		{58587141-36EF-400F-BBA8-098CEE6DAFA6}.Debug|Any CPU.ActiveCfg = Debug|Any CPU
		{58587141-36EF-400F-BBA8-098CEE6DAFA6}.Debug|Any CPU.Build.0 = Debug|Any CPU
		{58587141-36EF-400F-BBA8-098CEE6DAFA6}.Release|Any CPU.ActiveCfg = Release|Any CPU
		{58587141-36EF-400F-BBA8-098CEE6DAFA6}.Release|Any CPU.Build.0 = Release|Any CPU
		{F117AE3E-7D48-42E6-8D64-FF78828877D4}.Debug|Any CPU.ActiveCfg = Debug|Any CPU
		{F117AE3E-7D48-42E6-8D64-FF78828877D4}.Debug|Any CPU.Build.0 = Debug|Any CPU
		{F117AE3E-7D48-42E6-8D64-FF78828877D4}.Release|Any CPU.ActiveCfg = Release|Any CPU
		{F117AE3E-7D48-42E6-8D64-FF78828877D4}.Release|Any CPU.Build.0 = Release|Any CPU
		{A2A58392-57C6-4B14-98D3-F33033111F40}.Debug|Any CPU.ActiveCfg = Debug|Any CPU
		{A2A58392-57C6-4B14-98D3-F33033111F40}.Debug|Any CPU.Build.0 = Debug|Any CPU
		{A2A58392-57C6-4B14-98D3-F33033111F40}.Release|Any CPU.ActiveCfg = Release|Any CPU
		{A2A58392-57C6-4B14-98D3-F33033111F40}.Release|Any CPU.Build.0 = Release|Any CPU
	EndGlobalSection
	GlobalSection(SolutionProperties) = preSolution
		HideSolutionNode = FALSE
	EndGlobalSection
	GlobalSection(ExtensibilityGlobals) = postSolution
		SolutionGuid = {7B5D4D7F-C805-45F9-9D92-53342DBBFD6F}
	EndGlobalSection
EndGlobal
